
Microsoft Visual Studio Solution File, Format Version 12.00
# Visual Studio Version 16
VisualStudioVersion = 16.0.29503.13
MinimumVisualStudioVersion = 10.0.40219.1
Project("{9A19103F-16F7-4668-BE54-9A1E7A4F7556}") = "JustGiving.API", "JustGiving.API\JustGiving.API.csproj", "{FB2C9A2F-7ECE-4793-90D9-82C1EB46332D}"
EndProject
Project("{FAE04EC0-301F-11D3-BF4B-00C04F79EFBC}") = "JustGiving.UnitTests", "JustGiving.UnitTests\JustGiving.UnitTests.csproj", "{67D7B0B3-FC8B-413C-A570-88367B945ABD}"
EndProject
Global
	GlobalSection(SolutionConfigurationPlatforms) = preSolution
		Debug|Any CPU = Debug|Any CPU
		Release|Any CPU = Release|Any CPU
	EndGlobalSection
	GlobalSection(ProjectConfigurationPlatforms) = postSolution
		{FB2C9A2F-7ECE-4793-90D9-82C1EB46332D}.Debug|Any CPU.ActiveCfg = Debug|Any CPU
		{FB2C9A2F-7ECE-4793-90D9-82C1EB46332D}.Debug|Any CPU.Build.0 = Debug|Any CPU
		{FB2C9A2F-7ECE-4793-90D9-82C1EB46332D}.Release|Any CPU.ActiveCfg = Release|Any CPU
		{FB2C9A2F-7ECE-4793-90D9-82C1EB46332D}.Release|Any CPU.Build.0 = Release|Any CPU
		{67D7B0B3-FC8B-413C-A570-88367B945ABD}.Debug|Any CPU.ActiveCfg = Debug|Any CPU
		{67D7B0B3-FC8B-413C-A570-88367B945ABD}.Debug|Any CPU.Build.0 = Debug|Any CPU
		{67D7B0B3-FC8B-413C-A570-88367B945ABD}.Release|Any CPU.ActiveCfg = Release|Any CPU
		{67D7B0B3-FC8B-413C-A570-88367B945ABD}.Release|Any CPU.Build.0 = Release|Any CPU
	EndGlobalSection
	GlobalSection(SolutionProperties) = preSolution
		HideSolutionNode = FALSE
	EndGlobalSection
	GlobalSection(ExtensibilityGlobals) = postSolution
		SolutionGuid = {4595C29E-FE4B-49DA-BAE4-056E825CA24D}
	EndGlobalSection
EndGlobal
